
Microsoft Visual Studio Solution File, Format Version 11.00
# Visual Studio 2010
Project("{FAE04EC0-301F-11D3-BF4B-00C04F79EFBC}") = "Assembly-CSharp", "Assembly-CSharp.csproj", "{49bc4fd0-7196-6b51-88a7-feeb2bdb720b}"
EndProject
Project("{FAE04EC0-301F-11D3-BF4B-00C04F79EFBC}") = "Assembly-CSharp-Editor", "Assembly-CSharp-Editor.csproj", "{2def34fb-d16c-95f6-d9c8-fa455fdbc136}"
EndProject
Global
	GlobalSection(SolutionConfigurationPlatforms) = preSolution
		Debug|Any CPU = Debug|Any CPU
	EndGlobalSection
	GlobalSection(ProjectConfigurationPlatforms) = postSolution
		{49bc4fd0-7196-6b51-88a7-feeb2bdb720b}.Debug|Any CPU.ActiveCfg = Debug|Any CPU
		{49bc4fd0-7196-6b51-88a7-feeb2bdb720b}.Debug|Any CPU.Build.0 = Debug|Any CPU
		{2def34fb-d16c-95f6-d9c8-fa455fdbc136}.Debug|Any CPU.ActiveCfg = Debug|Any CPU
		{2def34fb-d16c-95f6-d9c8-fa455fdbc136}.Debug|Any CPU.Build.0 = Debug|Any CPU
	EndGlobalSection
	GlobalSection(SolutionProperties) = preSolution
		HideSolutionNode = FALSE
	EndGlobalSection
EndGlobal
